<?xml version="1.0" encoding="utf-8"?>
<Project ToolsVersion="4.0" xmlns="http://schemas.microsoft.com/developer/msbuild/2003">
  <ItemGroup>
    <Filter Include="Source Files">
      <UniqueIdentifier>{4FC737F1-C7A5-4376-A066-2A32D752A2FF}</UniqueIdentifier>
      <Extensions>cpp;cxx;c;def</Extensions>
    </Filter>
    <Filter Include="Header Files">
      <UniqueIdentifier>{93995380-89BD-4b04-88EB-625FBE52EBFB}</UniqueIdentifier>
      <Extensions>h</Extensions>
    </Filter>
    <Filter Include="Resource Files">
      <UniqueIdentifier>{D9D6E242-F8AF-46E4-B9FD-80ECBC20BA3E}</UniqueIdentifier>
      <Extensions>qrc;*</Extensions>
      <ParseFiles>false</ParseFiles>
    </Filter>
    <Filter Include="Generated Files">
      <UniqueIdentifier>{71ED8ED8-ACB9-4CE9-BBE1-E00B30144E11}</UniqueIdentifier>
      <Extensions>moc;h;cpp</Extensions>
      <ParseFiles>true</ParseFiles>
    </Filter>
    <Filter Include="Generated Files\Debug">
      <UniqueIdentifier>{44555461-a029-4e53-9c7e-c537ffe26cba}</UniqueIdentifier>
      <Extensions>cpp;moc</Extensions>
      <SourceControlFiles>False</SourceControlFiles>
    </Filter>
    <Filter Include="Generated Files\Release">
      <UniqueIdentifier>{82c2a355-f4c9-49aa-bc4c-a99ce21cbee8}</UniqueIdentifier>
      <Extensions>cpp;moc</Extensions>
      <SourceControlFiles>False</SourceControlFiles>
    </Filter>
    <Filter Include="Maze">
      <UniqueIdentifier>{1301f5cb-7815-4b80-87c2-90d4f457bd90}</UniqueIdentifier>
    </Filter>
    <Filter Include="MenschArgere">
      <UniqueIdentifier>{1a30edb3-9811-4d0f-85aa-894ffdc6782d}</UniqueIdentifier>
    </Filter>
    <Filter Include="LostCities">
      <UniqueIdentifier>{28a5bb4b-594e-4696-92af-71de9b984d74}</UniqueIdentifier>
    </Filter>
    <Filter Include="Batch">
      <UniqueIdentifier>{8b0b49dd-2b53-4408-bc2e-3509cba50a0b}</UniqueIdentifier>
    </Filter>
  </ItemGroup>
  <ItemGroup>
    <ClCompile Include="main.cpp">
      <Filter>Source Files</Filter>
    </ClCompile>
    <ClCompile Include="DDAWidget.cpp">
      <Filter>Source Files</Filter>
    </ClCompile>
    <ClCompile Include="Game.cpp">
      <Filter>Source Files</Filter>
    </ClCompile>
    <ClCompile Include="EnvironmentAIBasic.cpp">
      <Filter>Source Files</Filter>
    </ClCompile>
    <ClCompile Include="Human.cpp">
      <Filter>Source Files</Filter>
    </ClCompile>
    <ClCompile Include="GeneratedFiles\Debug\moc_Game.cpp">
      <Filter>Generated Files\Debug</Filter>
    </ClCompile>
    <ClCompile Include="GeneratedFiles\Release\moc_Game.cpp">
      <Filter>Generated Files\Release</Filter>
    </ClCompile>
    <ClCompile Include="GeneratedFiles\Debug\moc_GameMaze.cpp">
      <Filter>Generated Files\Debug</Filter>
    </ClCompile>
    <ClCompile Include="GeneratedFiles\Release\moc_GameMaze.cpp">
      <Filter>Generated Files\Release</Filter>
    </ClCompile>
    <ClCompile Include="GeneratedFiles\Debug\moc_Human.cpp">
      <Filter>Generated Files\Debug</Filter>
    </ClCompile>
    <ClCompile Include="GeneratedFiles\Release\moc_Human.cpp">
      <Filter>Generated Files\Release</Filter>
    </ClCompile>
    <ClCompile Include="GeneratedFiles\Debug\moc_IPlayer.cpp">
      <Filter>Generated Files\Debug</Filter>
    </ClCompile>
    <ClCompile Include="GeneratedFiles\Release\moc_IPlayer.cpp">
      <Filter>Generated Files\Release</Filter>
    </ClCompile>
    <ClCompile Include="GeneratedFiles\Debug\moc_IEnvironmentAI.cpp">
      <Filter>Generated Files\Debug</Filter>
    </ClCompile>
    <ClCompile Include="GeneratedFiles\Release\moc_IEnvironmentAI.cpp">
      <Filter>Generated Files\Release</Filter>
    </ClCompile>
    <ClCompile Include="GeneratedFiles\Debug\moc_EnvironmentAIBasic.cpp">
      <Filter>Generated Files\Debug</Filter>
    </ClCompile>
    <ClCompile Include="GeneratedFiles\Release\moc_EnvironmentAIBasic.cpp">
      <Filter>Generated Files\Release</Filter>
    </ClCompile>
    <ClCompile Include="GeneratedFiles\Debug\moc_IGame.cpp">
      <Filter>Generated Files\Debug</Filter>
    </ClCompile>
    <ClCompile Include="GeneratedFiles\Release\moc_IGame.cpp">
      <Filter>Generated Files\Release</Filter>
    </ClCompile>
    <ClCompile Include="IGame.cpp">
      <Filter>Source Files</Filter>
    </ClCompile>
    <ClCompile Include="IPlayer.cpp">
      <Filter>Source Files</Filter>
    </ClCompile>
    <ClCompile Include="PlayerRandomAI.cpp">
      <Filter>Source Files</Filter>
    </ClCompile>
    <ClCompile Include="GeneratedFiles\Debug\moc_DDAWidget.cpp">
      <Filter>Generated Files\Debug</Filter>
    </ClCompile>
    <ClCompile Include="GeneratedFiles\Release\moc_DDAWidget.cpp">
      <Filter>Generated Files\Release</Filter>
    </ClCompile>
    <ClCompile Include="Board.cpp">
      <Filter>Source Files</Filter>
    </ClCompile>
    <ClCompile Include="MazeState.cpp">
      <Filter>Maze</Filter>
    </ClCompile>
    <ClCompile Include="MenschArgere.cpp">
      <Filter>MenschArgere</Filter>
    </ClCompile>
    <ClCompile Include="MenschState.cpp">
      <Filter>MenschArgere</Filter>
    </ClCompile>
    <ClCompile Include="GameMaze.cpp">
      <Filter>Maze</Filter>
    </ClCompile>
    <ClCompile Include="MenschTile.cpp">
      <Filter>MenschArgere</Filter>
    </ClCompile>
    <ClCompile Include="GameStat.cpp">
      <Filter>Source Files</Filter>
    </ClCompile>
    <ClCompile Include="IGameState.cpp">
      <Filter>Source Files</Filter>
    </ClCompile>
    <ClCompile Include="MatrixFactory.cpp">
      <Filter>Source Files</Filter>
    </ClCompile>
    <ClCompile Include="LostCities.cpp">
      <Filter>LostCities</Filter>
    </ClCompile>
    <ClCompile Include="LostCitiesState.cpp">
      <Filter>LostCities</Filter>
    </ClCompile>
    <ClCompile Include="ClickableArea.cpp">
      <Filter>Source Files</Filter>
    </ClCompile>
    <ClCompile Include="GeneratedFiles\Debug\moc_BatchWindow.cpp">
      <Filter>Generated Files\Debug</Filter>
    </ClCompile>
    <ClCompile Include="GeneratedFiles\Release\moc_BatchWindow.cpp">
      <Filter>Generated Files\Release</Filter>
    </ClCompile>
    <ClCompile Include="GeneratedFiles\Debug\moc_BatchThread.cpp">
      <Filter>Generated Files\Debug</Filter>
    </ClCompile>
    <ClCompile Include="GeneratedFiles\Release\moc_BatchThread.cpp">
      <Filter>Generated Files\Release</Filter>
    </ClCompile>
    <ClCompile Include="BatchThread.cpp">
      <Filter>Batch</Filter>
    </ClCompile>
    <ClCompile Include="BatchWindow.cpp">
      <Filter>Batch</Filter>
    </ClCompile>
    <ClCompile Include="BatchItem.cpp">
      <Filter>Batch</Filter>
    </ClCompile>
    <ClCompile Include="PlayerHillClimber.cpp">
      <Filter>Source Files</Filter>
    </ClCompile>
  </ItemGroup>
  <ItemGroup>
    <ClInclude Include="PlayerRandomAI.h">
      <Filter>Header Files</Filter>
    </ClInclude>
    <ClInclude Include="Board.h">
      <Filter>Header Files</Filter>
    </ClInclude>
    <ClInclude Include="IGameState.h">
      <Filter>Header Files</Filter>
    </ClInclude>
    <ClInclude Include="MenschArgere.h">
      <Filter>MenschArgere</Filter>
    </ClInclude>
    <ClInclude Include="MenschState.h">
      <Filter>MenschArgere</Filter>
    </ClInclude>
    <ClInclude Include="MazeState.h">
      <Filter>Maze</Filter>
    </ClInclude>
    <ClInclude Include="MenschTile.h">
      <Filter>MenschArgere</Filter>
    </ClInclude>
    <ClInclude Include="GameStat.h">
      <Filter>Header Files</Filter>
    </ClInclude>
    <ClInclude Include="MatrixFactory.h">
      <Filter>Header Files</Filter>
    </ClInclude>
    <ClInclude Include="LostCities.h">
      <Filter>LostCities</Filter>
    </ClInclude>
    <ClInclude Include="LostCitiesState.h">
      <Filter>LostCities</Filter>
    </ClInclude>
    <ClInclude Include="ClickableArea.h">
      <Filter>Header Files</Filter>
    </ClInclude>
    <ClInclude Include="BatchItem.h">
      <Filter>Batch</Filter>
    </ClInclude>
    <ClInclude Include="PlayerHillClimber.h">
      <Filter>Header Files</Filter>
    </ClInclude>
  </ItemGroup>
  <ItemGroup>
    <CustomBuild Include="Game.h">
      <Filter>Header Files</Filter>
    </CustomBuild>
    <CustomBuild Include="Human.h">
      <Filter>Header Files</Filter>
    </CustomBuild>
    <CustomBuild Include="IPlayer.h">
      <Filter>Header Files</Filter>
    </CustomBuild>
    <CustomBuild Include="IEnvironmentAI.h">
      <Filter>Header Files</Filter>
    </CustomBuild>
    <CustomBuild Include="EnvironmentAIBasic.h">
      <Filter>Header Files</Filter>
    </CustomBuild>
    <CustomBuild Include="IGame.h">
      <Filter>Header Files</Filter>
    </CustomBuild>
    <CustomBuild Include="DDAWidget.h">
      <Filter>Header Files</Filter>
    </CustomBuild>
    <CustomBuild Include="GameMaze.h">
      <Filter>Maze</Filter>
    </CustomBuild>
    <CustomBuild Include="BatchThread.h">
      <Filter>Batch</Filter>
    </CustomBuild>
    <CustomBuild Include="BatchWindow.h">
      <Filter>Batch</Filter>
    </CustomBuild>
  </ItemGroup>
</Project>