<?xml version="1.0" encoding="utf-8"?>
<Project ToolsVersion="4.0" xmlns="http://schemas.microsoft.com/developer/msbuild/2003">
  <ItemGroup>
    <Filter Include="Source Files">
      <UniqueIdentifier>{4FC737F1-C7A5-4376-A066-2A32D752A2FF}</UniqueIdentifier>
      <Extensions>cpp;cxx;c;def</Extensions>
    </Filter>
    <Filter Include="Header Files">
      <UniqueIdentifier>{93995380-89BD-4b04-88EB-625FBE52EBFB}</UniqueIdentifier>
      <Extensions>h</Extensions>
    </Filter>
    <Filter Include="Resource Files">
      <UniqueIdentifier>{D9D6E242-F8AF-46E4-B9FD-80ECBC20BA3E}</UniqueIdentifier>
      <Extensions>qrc;*</Extensions>
      <ParseFiles>false</ParseFiles>
    </Filter>
    <Filter Include="Generated Files">
      <UniqueIdentifier>{71ED8ED8-ACB9-4CE9-BBE1-E00B30144E11}</UniqueIdentifier>
      <Extensions>moc;h;cpp</Extensions>
      <ParseFiles>true</ParseFiles>
    </Filter>
    <Filter Include="Generated Files\Debug">
      <UniqueIdentifier>{44555461-a029-4e53-9c7e-c537ffe26cba}</UniqueIdentifier>
      <Extensions>cpp;moc</Extensions>
      <SourceControlFiles>False</SourceControlFiles>
    </Filter>
    <Filter Include="Generated Files\Release">
      <UniqueIdentifier>{82c2a355-f4c9-49aa-bc4c-a99ce21cbee8}</UniqueIdentifier>
      <Extensions>cpp;moc</Extensions>
      <SourceControlFiles>False</SourceControlFiles>
    </Filter>
    <Filter Include="Maze">
      <UniqueIdentifier>{1301f5cb-7815-4b80-87c2-90d4f457bd90}</UniqueIdentifier>
    </Filter>
    <Filter Include="LostCities">
      <UniqueIdentifier>{28a5bb4b-594e-4696-92af-71de9b984d74}</UniqueIdentifier>
    </Filter>
    <Filter Include="Batch">
      <UniqueIdentifier>{8b0b49dd-2b53-4408-bc2e-3509cba50a0b}</UniqueIdentifier>
    </Filter>
    <Filter Include="Ludo">
      <UniqueIdentifier>{1a30edb3-9811-4d0f-85aa-894ffdc6782d}</UniqueIdentifier>
    </Filter>
    <Filter Include="Player">
      <UniqueIdentifier>{cce25237-c9ad-4648-b4e0-6b919f2ec593}</UniqueIdentifier>
    </Filter>
    <Filter Include="PlayerEnvinroment">
      <UniqueIdentifier>{49526111-b7b9-40a2-ad72-09edfe0a0b0a}</UniqueIdentifier>
    </Filter>
    <Filter Include="Qwt">
      <UniqueIdentifier>{a6ad5f48-5f24-4f3b-8919-0a64e2e6e771}</UniqueIdentifier>
    </Filter>
    <Filter Include="Graph">
      <UniqueIdentifier>{560d3cfe-14b9-47c4-a792-fa6d1ae73dbb}</UniqueIdentifier>
    </Filter>
  </ItemGroup>
  <ItemGroup>
    <ClCompile Include="main.cpp">
      <Filter>Source Files</Filter>
    </ClCompile>
    <ClCompile Include="DDAWidget.cpp">
      <Filter>Source Files</Filter>
    </ClCompile>
    <ClCompile Include="Game.cpp">
      <Filter>Source Files</Filter>
    </ClCompile>
    <ClCompile Include="GeneratedFiles\Debug\moc_Game.cpp">
      <Filter>Generated Files\Debug</Filter>
    </ClCompile>
    <ClCompile Include="GeneratedFiles\Release\moc_Game.cpp">
      <Filter>Generated Files\Release</Filter>
    </ClCompile>
    <ClCompile Include="GeneratedFiles\Debug\moc_GameMaze.cpp">
      <Filter>Generated Files\Debug</Filter>
    </ClCompile>
    <ClCompile Include="GeneratedFiles\Release\moc_GameMaze.cpp">
      <Filter>Generated Files\Release</Filter>
    </ClCompile>
    <ClCompile Include="GeneratedFiles\Debug\moc_Human.cpp">
      <Filter>Generated Files\Debug</Filter>
    </ClCompile>
    <ClCompile Include="GeneratedFiles\Release\moc_Human.cpp">
      <Filter>Generated Files\Release</Filter>
    </ClCompile>
    <ClCompile Include="GeneratedFiles\Debug\moc_IPlayer.cpp">
      <Filter>Generated Files\Debug</Filter>
    </ClCompile>
    <ClCompile Include="GeneratedFiles\Release\moc_IPlayer.cpp">
      <Filter>Generated Files\Release</Filter>
    </ClCompile>
    <ClCompile Include="GeneratedFiles\Debug\moc_IEnvironmentAI.cpp">
      <Filter>Generated Files\Debug</Filter>
    </ClCompile>
    <ClCompile Include="GeneratedFiles\Release\moc_IEnvironmentAI.cpp">
      <Filter>Generated Files\Release</Filter>
    </ClCompile>
    <ClCompile Include="GeneratedFiles\Debug\moc_EnvironmentAIBasic.cpp">
      <Filter>Generated Files\Debug</Filter>
    </ClCompile>
    <ClCompile Include="GeneratedFiles\Release\moc_EnvironmentAIBasic.cpp">
      <Filter>Generated Files\Release</Filter>
    </ClCompile>
    <ClCompile Include="GeneratedFiles\Debug\moc_IGame.cpp">
      <Filter>Generated Files\Debug</Filter>
    </ClCompile>
    <ClCompile Include="GeneratedFiles\Release\moc_IGame.cpp">
      <Filter>Generated Files\Release</Filter>
    </ClCompile>
    <ClCompile Include="IGame.cpp">
      <Filter>Source Files</Filter>
    </ClCompile>
    <ClCompile Include="GeneratedFiles\Debug\moc_DDAWidget.cpp">
      <Filter>Generated Files\Debug</Filter>
    </ClCompile>
    <ClCompile Include="GeneratedFiles\Release\moc_DDAWidget.cpp">
      <Filter>Generated Files\Release</Filter>
    </ClCompile>
    <ClCompile Include="Board.cpp">
      <Filter>Source Files</Filter>
    </ClCompile>
    <ClCompile Include="MazeState.cpp">
      <Filter>Maze</Filter>
    </ClCompile>
    <ClCompile Include="GameMaze.cpp">
      <Filter>Maze</Filter>
    </ClCompile>
    <ClCompile Include="GameStat.cpp">
      <Filter>Source Files</Filter>
    </ClCompile>
    <ClCompile Include="IGameState.cpp">
      <Filter>Source Files</Filter>
    </ClCompile>
    <ClCompile Include="MatrixFactory.cpp">
      <Filter>Source Files</Filter>
    </ClCompile>
    <ClCompile Include="LostCities.cpp">
      <Filter>LostCities</Filter>
    </ClCompile>
    <ClCompile Include="LostCitiesState.cpp">
      <Filter>LostCities</Filter>
    </ClCompile>
    <ClCompile Include="ClickableArea.cpp">
      <Filter>Source Files</Filter>
    </ClCompile>
    <ClCompile Include="GeneratedFiles\Debug\moc_BatchWindow.cpp">
      <Filter>Generated Files\Debug</Filter>
    </ClCompile>
    <ClCompile Include="GeneratedFiles\Release\moc_BatchWindow.cpp">
      <Filter>Generated Files\Release</Filter>
    </ClCompile>
    <ClCompile Include="GeneratedFiles\Debug\moc_BatchThread.cpp">
      <Filter>Generated Files\Debug</Filter>
    </ClCompile>
    <ClCompile Include="GeneratedFiles\Release\moc_BatchThread.cpp">
      <Filter>Generated Files\Release</Filter>
    </ClCompile>
    <ClCompile Include="BatchThread.cpp">
      <Filter>Batch</Filter>
    </ClCompile>
    <ClCompile Include="BatchWindow.cpp">
      <Filter>Batch</Filter>
    </ClCompile>
    <ClCompile Include="BatchItem.cpp">
      <Filter>Batch</Filter>
    </ClCompile>
    <ClCompile Include="BatchGameSetup.cpp">
      <Filter>Batch</Filter>
    </ClCompile>
    <ClCompile Include="GeneratedFiles\Debug\moc_BatchGameSetup.cpp">
      <Filter>Generated Files\Debug</Filter>
    </ClCompile>
    <ClCompile Include="GeneratedFiles\Release\moc_BatchGameSetup.cpp">
      <Filter>Generated Files\Release</Filter>
    </ClCompile>
    <ClCompile Include="QApp.cpp">
      <Filter>Source Files</Filter>
    </ClCompile>
    <ClCompile Include="Ludo.cpp">
      <Filter>Ludo</Filter>
    </ClCompile>
    <ClCompile Include="LudoState.cpp">
      <Filter>Ludo</Filter>
    </ClCompile>
    <ClCompile Include="LudoTile.cpp">
      <Filter>Ludo</Filter>
    </ClCompile>
    <ClCompile Include="IPlayer.cpp">
      <Filter>Player</Filter>
    </ClCompile>
    <ClCompile Include="PlayerRandomAI.cpp">
      <Filter>Player</Filter>
    </ClCompile>
    <ClCompile Include="PlayerHillClimber.cpp">
      <Filter>Player</Filter>
    </ClCompile>
    <ClCompile Include="Human.cpp">
      <Filter>Player</Filter>
    </ClCompile>
    <ClCompile Include="MiniMaxPlayer.cpp">
      <Filter>Player</Filter>
    </ClCompile>
    <ClCompile Include="GeneratedFiles\Debug\moc_LostCities.cpp">
      <Filter>Generated Files\Debug</Filter>
    </ClCompile>
    <ClCompile Include="GeneratedFiles\Release\moc_LostCities.cpp">
      <Filter>Generated Files\Release</Filter>
    </ClCompile>
    <ClCompile Include="ISpecificStat.cpp">
      <Filter>Source Files</Filter>
    </ClCompile>
    <ClCompile Include="MazeStat.cpp">
      <Filter>Maze</Filter>
    </ClCompile>
    <ClCompile Include="GeneratedFiles\Debug\moc_EAIMaxOptions.cpp">
      <Filter>Generated Files\Debug</Filter>
    </ClCompile>
    <ClCompile Include="GeneratedFiles\Release\moc_EAIMaxOptions.cpp">
      <Filter>Generated Files\Release</Filter>
    </ClCompile>
    <ClCompile Include="GeneratedFiles\Debug\moc_EAIMinOptions.cpp">
      <Filter>Generated Files\Debug</Filter>
    </ClCompile>
    <ClCompile Include="GeneratedFiles\Release\moc_EAIMinOptions.cpp">
      <Filter>Generated Files\Release</Filter>
    </ClCompile>
    <ClCompile Include="EAIMaxOptions.cpp">
      <Filter>PlayerEnvinroment</Filter>
    </ClCompile>
    <ClCompile Include="EAIMinOptions.cpp">
      <Filter>PlayerEnvinroment</Filter>
    </ClCompile>
    <ClCompile Include="EnvironmentAIBasic.cpp">
      <Filter>PlayerEnvinroment</Filter>
    </ClCompile>
    <ClCompile Include="PlayerPOSM.cpp">
      <Filter>Player</Filter>
    </ClCompile>
    <ClCompile Include="Qwt\qwt_abstract_scale.cpp">
      <Filter>Qwt</Filter>
    </ClCompile>
    <ClCompile Include="Qwt\qwt_abstract_scale_draw.cpp">
      <Filter>Qwt</Filter>
    </ClCompile>
    <ClCompile Include="Qwt\qwt_abstract_slider.cpp">
      <Filter>Qwt</Filter>
    </ClCompile>
    <ClCompile Include="GeneratedFiles\Debug\moc_qwt_abstract_slider.cpp">
      <Filter>Generated Files\Debug</Filter>
    </ClCompile>
    <ClCompile Include="GeneratedFiles\Release\moc_qwt_abstract_slider.cpp">
      <Filter>Generated Files\Release</Filter>
    </ClCompile>
    <ClCompile Include="Qwt\qwt_analog_clock.cpp">
      <Filter>Qwt</Filter>
    </ClCompile>
    <ClCompile Include="GeneratedFiles\Debug\moc_qwt_analog_clock.cpp">
      <Filter>Generated Files\Debug</Filter>
    </ClCompile>
    <ClCompile Include="GeneratedFiles\Release\moc_qwt_analog_clock.cpp">
      <Filter>Generated Files\Release</Filter>
    </ClCompile>
    <ClCompile Include="Qwt\qwt_arrow_button.cpp">
      <Filter>Qwt</Filter>
    </ClCompile>
    <ClCompile Include="Qwt\qwt_clipper.cpp">
      <Filter>Qwt</Filter>
    </ClCompile>
    <ClCompile Include="Qwt\qwt_color_map.cpp">
      <Filter>Qwt</Filter>
    </ClCompile>
    <ClCompile Include="Qwt\qwt_column_symbol.cpp">
      <Filter>Qwt</Filter>
    </ClCompile>
    <ClCompile Include="Qwt\qwt_compass.cpp">
      <Filter>Qwt</Filter>
    </ClCompile>
    <ClCompile Include="GeneratedFiles\Debug\moc_qwt_compass.cpp">
      <Filter>Generated Files\Debug</Filter>
    </ClCompile>
    <ClCompile Include="GeneratedFiles\Release\moc_qwt_compass.cpp">
      <Filter>Generated Files\Release</Filter>
    </ClCompile>
    <ClCompile Include="Qwt\qwt_compass_rose.cpp">
      <Filter>Qwt</Filter>
    </ClCompile>
    <ClCompile Include="Qwt\qwt_counter.cpp">
      <Filter>Qwt</Filter>
    </ClCompile>
    <ClCompile Include="GeneratedFiles\Debug\moc_qwt_counter.cpp">
      <Filter>Generated Files\Debug</Filter>
    </ClCompile>
    <ClCompile Include="GeneratedFiles\Release\moc_qwt_counter.cpp">
      <Filter>Generated Files\Release</Filter>
    </ClCompile>
    <ClCompile Include="Qwt\qwt_curve_fitter.cpp">
      <Filter>Qwt</Filter>
    </ClCompile>
    <ClCompile Include="Qwt\qwt_dial.cpp">
      <Filter>Qwt</Filter>
    </ClCompile>
    <ClCompile Include="GeneratedFiles\Debug\moc_qwt_dial.cpp">
      <Filter>Generated Files\Debug</Filter>
    </ClCompile>
    <ClCompile Include="GeneratedFiles\Release\moc_qwt_dial.cpp">
      <Filter>Generated Files\Release</Filter>
    </ClCompile>
    <ClCompile Include="Qwt\qwt_dial_needle.cpp">
      <Filter>Qwt</Filter>
    </ClCompile>
    <ClCompile Include="Qwt\qwt_double_range.cpp">
      <Filter>Qwt</Filter>
    </ClCompile>
    <ClCompile Include="Qwt\qwt_dyngrid_layout.cpp">
      <Filter>Qwt</Filter>
    </ClCompile>
    <ClCompile Include="GeneratedFiles\Debug\moc_qwt_dyngrid_layout.cpp">
      <Filter>Generated Files\Debug</Filter>
    </ClCompile>
    <ClCompile Include="GeneratedFiles\Release\moc_qwt_dyngrid_layout.cpp">
      <Filter>Generated Files\Release</Filter>
    </ClCompile>
    <ClCompile Include="Qwt\qwt_event_pattern.cpp">
      <Filter>Qwt</Filter>
    </ClCompile>
    <ClCompile Include="Qwt\qwt_interval.cpp">
      <Filter>Qwt</Filter>
    </ClCompile>
    <ClCompile Include="Qwt\qwt_interval_symbol.cpp">
      <Filter>Qwt</Filter>
    </ClCompile>
    <ClCompile Include="Qwt\qwt_knob.cpp">
      <Filter>Qwt</Filter>
    </ClCompile>
    <ClCompile Include="GeneratedFiles\Debug\moc_qwt_knob.cpp">
      <Filter>Generated Files\Debug</Filter>
    </ClCompile>
    <ClCompile Include="GeneratedFiles\Release\moc_qwt_knob.cpp">
      <Filter>Generated Files\Release</Filter>
    </ClCompile>
    <ClCompile Include="Qwt\qwt_legend.cpp">
      <Filter>Qwt</Filter>
    </ClCompile>
    <ClCompile Include="GeneratedFiles\Debug\moc_qwt_legend.cpp">
      <Filter>Generated Files\Debug</Filter>
    </ClCompile>
    <ClCompile Include="GeneratedFiles\Release\moc_qwt_legend.cpp">
      <Filter>Generated Files\Release</Filter>
    </ClCompile>
    <ClCompile Include="Qwt\qwt_legend_item.cpp">
      <Filter>Qwt</Filter>
    </ClCompile>
    <ClCompile Include="GeneratedFiles\Debug\moc_qwt_legend_item.cpp">
      <Filter>Generated Files\Debug</Filter>
    </ClCompile>
    <ClCompile Include="GeneratedFiles\Release\moc_qwt_legend_item.cpp">
      <Filter>Generated Files\Release</Filter>
    </ClCompile>
    <ClCompile Include="Qwt\qwt_magnifier.cpp">
      <Filter>Qwt</Filter>
    </ClCompile>
    <ClCompile Include="GeneratedFiles\Debug\moc_qwt_magnifier.cpp">
      <Filter>Generated Files\Debug</Filter>
    </ClCompile>
    <ClCompile Include="GeneratedFiles\Release\moc_qwt_magnifier.cpp">
      <Filter>Generated Files\Release</Filter>
    </ClCompile>
    <ClCompile Include="Qwt\qwt_math.cpp">
      <Filter>Qwt</Filter>
    </ClCompile>
    <ClCompile Include="Qwt\qwt_matrix_raster_data.cpp">
      <Filter>Qwt</Filter>
    </ClCompile>
    <ClCompile Include="Qwt\qwt_null_paintdevice.cpp">
      <Filter>Qwt</Filter>
    </ClCompile>
    <ClCompile Include="Qwt\qwt_painter.cpp">
      <Filter>Qwt</Filter>
    </ClCompile>
    <ClCompile Include="Qwt\qwt_panner.cpp">
      <Filter>Qwt</Filter>
    </ClCompile>
    <ClCompile Include="GeneratedFiles\Debug\moc_qwt_panner.cpp">
      <Filter>Generated Files\Debug</Filter>
    </ClCompile>
    <ClCompile Include="GeneratedFiles\Release\moc_qwt_panner.cpp">
      <Filter>Generated Files\Release</Filter>
    </ClCompile>
    <ClCompile Include="Qwt\qwt_picker.cpp">
      <Filter>Qwt</Filter>
    </ClCompile>
    <ClCompile Include="GeneratedFiles\Debug\moc_qwt_picker.cpp">
      <Filter>Generated Files\Debug</Filter>
    </ClCompile>
    <ClCompile Include="GeneratedFiles\Release\moc_qwt_picker.cpp">
      <Filter>Generated Files\Release</Filter>
    </ClCompile>
    <ClCompile Include="Qwt\qwt_picker_machine.cpp">
      <Filter>Qwt</Filter>
    </ClCompile>
    <ClCompile Include="Qwt\qwt_plot.cpp">
      <Filter>Qwt</Filter>
    </ClCompile>
    <ClCompile Include="GeneratedFiles\Debug\moc_qwt_plot.cpp">
      <Filter>Generated Files\Debug</Filter>
    </ClCompile>
    <ClCompile Include="GeneratedFiles\Release\moc_qwt_plot.cpp">
      <Filter>Generated Files\Release</Filter>
    </ClCompile>
    <ClCompile Include="Qwt\qwt_plot_axis.cpp">
      <Filter>Qwt</Filter>
    </ClCompile>
    <ClCompile Include="Qwt\qwt_plot_canvas.cpp">
      <Filter>Qwt</Filter>
    </ClCompile>
    <ClCompile Include="GeneratedFiles\Debug\moc_qwt_plot_canvas.cpp">
      <Filter>Generated Files\Debug</Filter>
    </ClCompile>
    <ClCompile Include="GeneratedFiles\Release\moc_qwt_plot_canvas.cpp">
      <Filter>Generated Files\Release</Filter>
    </ClCompile>
    <ClCompile Include="Qwt\qwt_plot_curve.cpp">
      <Filter>Qwt</Filter>
    </ClCompile>
    <ClCompile Include="Qwt\qwt_plot_dict.cpp">
      <Filter>Qwt</Filter>
    </ClCompile>
    <ClCompile Include="Qwt\qwt_plot_directpainter.cpp">
      <Filter>Qwt</Filter>
    </ClCompile>
    <ClCompile Include="Qwt\qwt_plot_grid.cpp">
      <Filter>Qwt</Filter>
    </ClCompile>
    <ClCompile Include="Qwt\qwt_plot_histogram.cpp">
      <Filter>Qwt</Filter>
    </ClCompile>
    <ClCompile Include="Qwt\qwt_plot_intervalcurve.cpp">
      <Filter>Qwt</Filter>
    </ClCompile>
    <ClCompile Include="Qwt\qwt_plot_item.cpp">
      <Filter>Qwt</Filter>
    </ClCompile>
    <ClCompile Include="Qwt\qwt_plot_layout.cpp">
      <Filter>Qwt</Filter>
    </ClCompile>
    <ClCompile Include="Qwt\qwt_plot_magnifier.cpp">
      <Filter>Qwt</Filter>
    </ClCompile>
    <ClCompile Include="GeneratedFiles\Debug\moc_qwt_plot_magnifier.cpp">
      <Filter>Generated Files\Debug</Filter>
    </ClCompile>
    <ClCompile Include="GeneratedFiles\Release\moc_qwt_plot_magnifier.cpp">
      <Filter>Generated Files\Release</Filter>
    </ClCompile>
    <ClCompile Include="Qwt\qwt_plot_marker.cpp">
      <Filter>Qwt</Filter>
    </ClCompile>
    <ClCompile Include="Qwt\qwt_plot_panner.cpp">
      <Filter>Qwt</Filter>
    </ClCompile>
    <ClCompile Include="GeneratedFiles\Debug\moc_qwt_plot_panner.cpp">
      <Filter>Generated Files\Debug</Filter>
    </ClCompile>
    <ClCompile Include="GeneratedFiles\Release\moc_qwt_plot_panner.cpp">
      <Filter>Generated Files\Release</Filter>
    </ClCompile>
    <ClCompile Include="Qwt\qwt_plot_picker.cpp">
      <Filter>Qwt</Filter>
    </ClCompile>
    <ClCompile Include="GeneratedFiles\Debug\moc_qwt_plot_picker.cpp">
      <Filter>Generated Files\Debug</Filter>
    </ClCompile>
    <ClCompile Include="GeneratedFiles\Release\moc_qwt_plot_picker.cpp">
      <Filter>Generated Files\Release</Filter>
    </ClCompile>
    <ClCompile Include="Qwt\qwt_plot_rasteritem.cpp">
      <Filter>Qwt</Filter>
    </ClCompile>
    <ClCompile Include="Qwt\qwt_plot_renderer.cpp">
      <Filter>Qwt</Filter>
    </ClCompile>
    <ClCompile Include="GeneratedFiles\Debug\moc_qwt_plot_renderer.cpp">
      <Filter>Generated Files\Debug</Filter>
    </ClCompile>
    <ClCompile Include="GeneratedFiles\Release\moc_qwt_plot_renderer.cpp">
      <Filter>Generated Files\Release</Filter>
    </ClCompile>
    <ClCompile Include="Qwt\qwt_plot_rescaler.cpp">
      <Filter>Qwt</Filter>
    </ClCompile>
    <ClCompile Include="Qwt\qwt_plot_scaleitem.cpp">
      <Filter>Qwt</Filter>
    </ClCompile>
    <ClCompile Include="Qwt\qwt_plot_seriesitem.cpp">
      <Filter>Qwt</Filter>
    </ClCompile>
    <ClCompile Include="Qwt\qwt_plot_spectrocurve.cpp">
      <Filter>Qwt</Filter>
    </ClCompile>
    <ClCompile Include="Qwt\qwt_plot_spectrogram.cpp">
      <Filter>Qwt</Filter>
    </ClCompile>
    <ClCompile Include="Qwt\qwt_plot_xml.cpp">
      <Filter>Qwt</Filter>
    </ClCompile>
    <ClCompile Include="Qwt\qwt_plot_zoomer.cpp">
      <Filter>Qwt</Filter>
    </ClCompile>
    <ClCompile Include="GeneratedFiles\Debug\moc_qwt_plot_zoomer.cpp">
      <Filter>Generated Files\Debug</Filter>
    </ClCompile>
    <ClCompile Include="GeneratedFiles\Release\moc_qwt_plot_zoomer.cpp">
      <Filter>Generated Files\Release</Filter>
    </ClCompile>
    <ClCompile Include="Qwt\qwt_point_3d.cpp">
      <Filter>Qwt</Filter>
    </ClCompile>
    <ClCompile Include="Qwt\qwt_point_polar.cpp">
      <Filter>Qwt</Filter>
    </ClCompile>
    <ClCompile Include="Qwt\qwt_raster_data.cpp">
      <Filter>Qwt</Filter>
    </ClCompile>
    <ClCompile Include="Qwt\qwt_round_scale_draw.cpp">
      <Filter>Qwt</Filter>
    </ClCompile>
    <ClCompile Include="Qwt\qwt_sampling_thread.cpp">
      <Filter>Qwt</Filter>
    </ClCompile>
    <ClCompile Include="GeneratedFiles\Debug\moc_qwt_sampling_thread.cpp">
      <Filter>Generated Files\Debug</Filter>
    </ClCompile>
    <ClCompile Include="GeneratedFiles\Release\moc_qwt_sampling_thread.cpp">
      <Filter>Generated Files\Release</Filter>
    </ClCompile>
    <ClCompile Include="Qwt\qwt_scale_div.cpp">
      <Filter>Qwt</Filter>
    </ClCompile>
    <ClCompile Include="Qwt\qwt_scale_draw.cpp">
      <Filter>Qwt</Filter>
    </ClCompile>
    <ClCompile Include="Qwt\qwt_scale_engine.cpp">
      <Filter>Qwt</Filter>
    </ClCompile>
    <ClCompile Include="Qwt\qwt_scale_map.cpp">
      <Filter>Qwt</Filter>
    </ClCompile>
    <ClCompile Include="Qwt\qwt_scale_widget.cpp">
      <Filter>Qwt</Filter>
    </ClCompile>
    <ClCompile Include="GeneratedFiles\Debug\moc_qwt_scale_widget.cpp">
      <Filter>Generated Files\Debug</Filter>
    </ClCompile>
    <ClCompile Include="GeneratedFiles\Release\moc_qwt_scale_widget.cpp">
      <Filter>Generated Files\Release</Filter>
    </ClCompile>
    <ClCompile Include="Qwt\qwt_series_data.cpp">
      <Filter>Qwt</Filter>
    </ClCompile>
    <ClCompile Include="Qwt\qwt_slider.cpp">
      <Filter>Qwt</Filter>
    </ClCompile>
    <ClCompile Include="GeneratedFiles\Debug\moc_qwt_slider.cpp">
      <Filter>Generated Files\Debug</Filter>
    </ClCompile>
    <ClCompile Include="GeneratedFiles\Release\moc_qwt_slider.cpp">
      <Filter>Generated Files\Release</Filter>
    </ClCompile>
    <ClCompile Include="Qwt\qwt_spline.cpp">
      <Filter>Qwt</Filter>
    </ClCompile>
    <ClCompile Include="Qwt\qwt_symbol.cpp">
      <Filter>Qwt</Filter>
    </ClCompile>
    <ClCompile Include="Qwt\qwt_system_clock.cpp">
      <Filter>Qwt</Filter>
    </ClCompile>
    <ClCompile Include="Qwt\qwt_text.cpp">
      <Filter>Qwt</Filter>
    </ClCompile>
    <ClCompile Include="Qwt\qwt_text_engine.cpp">
      <Filter>Qwt</Filter>
    </ClCompile>
    <ClCompile Include="Qwt\qwt_text_label.cpp">
      <Filter>Qwt</Filter>
    </ClCompile>
    <ClCompile Include="GeneratedFiles\Debug\moc_qwt_text_label.cpp">
      <Filter>Generated Files\Debug</Filter>
    </ClCompile>
    <ClCompile Include="GeneratedFiles\Release\moc_qwt_text_label.cpp">
      <Filter>Generated Files\Release</Filter>
    </ClCompile>
    <ClCompile Include="Qwt\qwt_thermo.cpp">
      <Filter>Qwt</Filter>
    </ClCompile>
    <ClCompile Include="GeneratedFiles\Debug\moc_qwt_thermo.cpp">
      <Filter>Generated Files\Debug</Filter>
    </ClCompile>
    <ClCompile Include="GeneratedFiles\Release\moc_qwt_thermo.cpp">
      <Filter>Generated Files\Release</Filter>
    </ClCompile>
    <ClCompile Include="Qwt\qwt_wheel.cpp">
      <Filter>Qwt</Filter>
    </ClCompile>
    <ClCompile Include="GeneratedFiles\Debug\moc_qwt_wheel.cpp">
      <Filter>Generated Files\Debug</Filter>
    </ClCompile>
    <ClCompile Include="GeneratedFiles\Release\moc_qwt_wheel.cpp">
      <Filter>Generated Files\Release</Filter>
    </ClCompile>
    <ClCompile Include="BatchDiagrams.cpp">
      <Filter>Batch</Filter>
    </ClCompile>
    <ClCompile Include="GeneratedFiles\Debug\moc_BatchDiagrams.cpp">
      <Filter>Generated Files\Debug</Filter>
    </ClCompile>
    <ClCompile Include="GeneratedFiles\Release\moc_BatchDiagrams.cpp">
      <Filter>Generated Files\Release</Filter>
    </ClCompile>
    <ClCompile Include="GeneratedFiles\Debug\moc_ViewGraph.cpp">
      <Filter>Generated Files\Debug</Filter>
    </ClCompile>
    <ClCompile Include="GeneratedFiles\Release\moc_ViewGraph.cpp">
      <Filter>Generated Files\Release</Filter>
    </ClCompile>
    <ClCompile Include="ViewGraph.cpp">
      <Filter>Graph</Filter>
    </ClCompile>
    <ClCompile Include="IGraph.cpp">
      <Filter>Graph</Filter>
    </ClCompile>
    <ClCompile Include="PlayerLevel.cpp">
      <Filter>Player</Filter>
    </ClCompile>
    <ClCompile Include="PlayerLevel2.cpp">
      <Filter>Player</Filter>
    </ClCompile>
  </ItemGroup>
  <ItemGroup>
    <ClInclude Include="Board.h">
      <Filter>Header Files</Filter>
    </ClInclude>
    <ClInclude Include="IGameState.h">
      <Filter>Header Files</Filter>
    </ClInclude>
    <ClInclude Include="MazeState.h">
      <Filter>Maze</Filter>
    </ClInclude>
    <ClInclude Include="GameStat.h">
      <Filter>Header Files</Filter>
    </ClInclude>
    <ClInclude Include="MatrixFactory.h">
      <Filter>Header Files</Filter>
    </ClInclude>
    <ClInclude Include="LostCitiesState.h">
      <Filter>LostCities</Filter>
    </ClInclude>
    <ClInclude Include="ClickableArea.h">
      <Filter>Header Files</Filter>
    </ClInclude>
    <ClInclude Include="BatchItem.h">
      <Filter>Batch</Filter>
    </ClInclude>
    <ClInclude Include="QApp.h">
      <Filter>Header Files</Filter>
    </ClInclude>
    <ClInclude Include="Ludo.h">
      <Filter>Ludo</Filter>
    </ClInclude>
    <ClInclude Include="LudoState.h">
      <Filter>Ludo</Filter>
    </ClInclude>
    <ClInclude Include="LudoTile.h">
      <Filter>Ludo</Filter>
    </ClInclude>
    <ClInclude Include="PlayerHillClimber.h">
      <Filter>Player</Filter>
    </ClInclude>
    <ClInclude Include="PlayerRandomAI.h">
      <Filter>Player</Filter>
    </ClInclude>
    <ClInclude Include="MiniMaxPlayer.h">
      <Filter>Player</Filter>
    </ClInclude>
    <ClInclude Include="ISpecificStat.h">
      <Filter>Header Files</Filter>
    </ClInclude>
    <ClInclude Include="MazeStat.h">
      <Filter>Maze</Filter>
    </ClInclude>
    <ClInclude Include="PlayerPOSM.h">
      <Filter>Player</Filter>
    </ClInclude>
    <ClInclude Include="Qwt\qwt.h">
      <Filter>Qwt</Filter>
    </ClInclude>
    <ClInclude Include="Qwt\qwt_abstract_scale.h">
      <Filter>Qwt</Filter>
    </ClInclude>
    <ClInclude Include="Qwt\qwt_abstract_scale_draw.h">
      <Filter>Qwt</Filter>
    </ClInclude>
    <ClInclude Include="Qwt\qwt_arrow_button.h">
      <Filter>Qwt</Filter>
    </ClInclude>
    <ClInclude Include="Qwt\qwt_clipper.h">
      <Filter>Qwt</Filter>
    </ClInclude>
    <ClInclude Include="Qwt\qwt_color_map.h">
      <Filter>Qwt</Filter>
    </ClInclude>
    <ClInclude Include="Qwt\qwt_column_symbol.h">
      <Filter>Qwt</Filter>
    </ClInclude>
    <ClInclude Include="Qwt\qwt_compass_rose.h">
      <Filter>Qwt</Filter>
    </ClInclude>
    <ClInclude Include="Qwt\qwt_compat.h">
      <Filter>Qwt</Filter>
    </ClInclude>
    <ClInclude Include="Qwt\qwt_curve_fitter.h">
      <Filter>Qwt</Filter>
    </ClInclude>
    <ClInclude Include="Qwt\qwt_dial_needle.h">
      <Filter>Qwt</Filter>
    </ClInclude>
    <ClInclude Include="Qwt\qwt_double_range.h">
      <Filter>Qwt</Filter>
    </ClInclude>
    <ClInclude Include="Qwt\qwt_event_pattern.h">
      <Filter>Qwt</Filter>
    </ClInclude>
    <ClInclude Include="Qwt\qwt_global.h">
      <Filter>Qwt</Filter>
    </ClInclude>
    <ClInclude Include="Qwt\qwt_interval.h">
      <Filter>Qwt</Filter>
    </ClInclude>
    <ClInclude Include="Qwt\qwt_interval_symbol.h">
      <Filter>Qwt</Filter>
    </ClInclude>
    <ClInclude Include="Qwt\qwt_legend_itemmanager.h">
      <Filter>Qwt</Filter>
    </ClInclude>
    <ClInclude Include="Qwt\qwt_math.h">
      <Filter>Qwt</Filter>
    </ClInclude>
    <ClInclude Include="Qwt\qwt_matrix_raster_data.h">
      <Filter>Qwt</Filter>
    </ClInclude>
    <ClInclude Include="Qwt\qwt_null_paintdevice.h">
      <Filter>Qwt</Filter>
    </ClInclude>
    <ClInclude Include="Qwt\qwt_painter.h">
      <Filter>Qwt</Filter>
    </ClInclude>
    <ClInclude Include="Qwt\qwt_picker_machine.h">
      <Filter>Qwt</Filter>
    </ClInclude>
    <ClInclude Include="Qwt\qwt_plot_curve.h">
      <Filter>Qwt</Filter>
    </ClInclude>
    <ClInclude Include="Qwt\qwt_plot_dict.h">
      <Filter>Qwt</Filter>
    </ClInclude>
    <ClInclude Include="Qwt\qwt_plot_directpainter.h">
      <Filter>Qwt</Filter>
    </ClInclude>
    <ClInclude Include="Qwt\qwt_plot_grid.h">
      <Filter>Qwt</Filter>
    </ClInclude>
    <ClInclude Include="Qwt\qwt_plot_histogram.h">
      <Filter>Qwt</Filter>
    </ClInclude>
    <ClInclude Include="Qwt\qwt_plot_intervalcurve.h">
      <Filter>Qwt</Filter>
    </ClInclude>
    <ClInclude Include="Qwt\qwt_plot_item.h">
      <Filter>Qwt</Filter>
    </ClInclude>
    <ClInclude Include="Qwt\qwt_plot_layout.h">
      <Filter>Qwt</Filter>
    </ClInclude>
    <ClInclude Include="Qwt\qwt_plot_marker.h">
      <Filter>Qwt</Filter>
    </ClInclude>
    <ClInclude Include="Qwt\qwt_plot_rasteritem.h">
      <Filter>Qwt</Filter>
    </ClInclude>
    <ClInclude Include="Qwt\qwt_plot_rescaler.h">
      <Filter>Qwt</Filter>
    </ClInclude>
    <ClInclude Include="Qwt\qwt_plot_scaleitem.h">
      <Filter>Qwt</Filter>
    </ClInclude>
    <ClInclude Include="Qwt\qwt_plot_seriesitem.h">
      <Filter>Qwt</Filter>
    </ClInclude>
    <ClInclude Include="Qwt\qwt_plot_spectrocurve.h">
      <Filter>Qwt</Filter>
    </ClInclude>
    <ClInclude Include="Qwt\qwt_plot_spectrogram.h">
      <Filter>Qwt</Filter>
    </ClInclude>
    <ClInclude Include="Qwt\qwt_point_3d.h">
      <Filter>Qwt</Filter>
    </ClInclude>
    <ClInclude Include="Qwt\qwt_point_polar.h">
      <Filter>Qwt</Filter>
    </ClInclude>
    <ClInclude Include="Qwt\qwt_raster_data.h">
      <Filter>Qwt</Filter>
    </ClInclude>
    <ClInclude Include="Qwt\qwt_round_scale_draw.h">
      <Filter>Qwt</Filter>
    </ClInclude>
    <ClInclude Include="Qwt\qwt_scale_div.h">
      <Filter>Qwt</Filter>
    </ClInclude>
    <ClInclude Include="Qwt\qwt_scale_draw.h">
      <Filter>Qwt</Filter>
    </ClInclude>
    <ClInclude Include="Qwt\qwt_scale_engine.h">
      <Filter>Qwt</Filter>
    </ClInclude>
    <ClInclude Include="Qwt\qwt_scale_map.h">
      <Filter>Qwt</Filter>
    </ClInclude>
    <ClInclude Include="Qwt\qwt_series_data.h">
      <Filter>Qwt</Filter>
    </ClInclude>
    <ClInclude Include="Qwt\qwt_spline.h">
      <Filter>Qwt</Filter>
    </ClInclude>
    <ClInclude Include="Qwt\qwt_symbol.h">
      <Filter>Qwt</Filter>
    </ClInclude>
    <ClInclude Include="Qwt\qwt_system_clock.h">
      <Filter>Qwt</Filter>
    </ClInclude>
    <ClInclude Include="Qwt\qwt_text.h">
      <Filter>Qwt</Filter>
    </ClInclude>
    <ClInclude Include="Qwt\qwt_text_engine.h">
      <Filter>Qwt</Filter>
    </ClInclude>
    <ClInclude Include="IGraph.h">
      <Filter>Graph</Filter>
    </ClInclude>
    <ClInclude Include="FlowGraph.h">
      <Filter>Graph</Filter>
    </ClInclude>
    <ClInclude Include="LevelGraph.h">
      <Filter>Graph</Filter>
    </ClInclude>
    <ClInclude Include="PlayerLevel.h">
      <Filter>Player</Filter>
    </ClInclude>
    <ClInclude Include="PlayerLevel2.h">
      <Filter>Player</Filter>
    </ClInclude>
  </ItemGroup>
  <ItemGroup>
    <CustomBuild Include="Game.h">
      <Filter>Header Files</Filter>
    </CustomBuild>
    <CustomBuild Include="IGame.h">
      <Filter>Header Files</Filter>
    </CustomBuild>
    <CustomBuild Include="DDAWidget.h">
      <Filter>Header Files</Filter>
    </CustomBuild>
    <CustomBuild Include="GameMaze.h">
      <Filter>Maze</Filter>
    </CustomBuild>
    <CustomBuild Include="BatchThread.h">
      <Filter>Batch</Filter>
    </CustomBuild>
    <CustomBuild Include="BatchWindow.h">
      <Filter>Batch</Filter>
    </CustomBuild>
    <CustomBuild Include="BatchGameSetup.h">
      <Filter>Batch</Filter>
    </CustomBuild>
    <CustomBuild Include="Human.h">
      <Filter>Player</Filter>
    </CustomBuild>
    <CustomBuild Include="IPlayer.h">
      <Filter>Player</Filter>
    </CustomBuild>
    <CustomBuild Include="LostCities.h">
      <Filter>LostCities</Filter>
    </CustomBuild>
    <CustomBuild Include="EAIMinOptions.h">
      <Filter>Header Files</Filter>
    </CustomBuild>
    <CustomBuild Include="EAIMaxOptions.h">
      <Filter>PlayerEnvinroment</Filter>
    </CustomBuild>
    <CustomBuild Include="EnvironmentAIBasic.h">
      <Filter>PlayerEnvinroment</Filter>
    </CustomBuild>
    <CustomBuild Include="IEnvironmentAI.h">
      <Filter>PlayerEnvinroment</Filter>
    </CustomBuild>
    <CustomBuild Include="Qwt\qwt_abstract_slider.h">
      <Filter>Qwt</Filter>
    </CustomBuild>
    <CustomBuild Include="Qwt\qwt_analog_clock.h">
      <Filter>Qwt</Filter>
    </CustomBuild>
    <CustomBuild Include="Qwt\qwt_compass.h">
      <Filter>Qwt</Filter>
    </CustomBuild>
    <CustomBuild Include="Qwt\qwt_counter.h">
      <Filter>Qwt</Filter>
    </CustomBuild>
    <CustomBuild Include="Qwt\qwt_dial.h">
      <Filter>Qwt</Filter>
    </CustomBuild>
    <CustomBuild Include="Qwt\qwt_dyngrid_layout.h">
      <Filter>Qwt</Filter>
    </CustomBuild>
    <CustomBuild Include="Qwt\qwt_knob.h">
      <Filter>Qwt</Filter>
    </CustomBuild>
    <CustomBuild Include="Qwt\qwt_legend.h">
      <Filter>Qwt</Filter>
    </CustomBuild>
    <CustomBuild Include="Qwt\qwt_legend_item.h">
      <Filter>Qwt</Filter>
    </CustomBuild>
    <CustomBuild Include="Qwt\qwt_magnifier.h">
      <Filter>Qwt</Filter>
    </CustomBuild>
    <CustomBuild Include="Qwt\qwt_panner.h">
      <Filter>Qwt</Filter>
    </CustomBuild>
    <CustomBuild Include="Qwt\qwt_picker.h">
      <Filter>Qwt</Filter>
    </CustomBuild>
    <CustomBuild Include="Qwt\qwt_plot.h">
      <Filter>Qwt</Filter>
    </CustomBuild>
    <CustomBuild Include="Qwt\qwt_plot_canvas.h">
      <Filter>Qwt</Filter>
    </CustomBuild>
    <CustomBuild Include="Qwt\qwt_plot_magnifier.h">
      <Filter>Qwt</Filter>
    </CustomBuild>
    <CustomBuild Include="Qwt\qwt_plot_panner.h">
      <Filter>Qwt</Filter>
    </CustomBuild>
    <CustomBuild Include="Qwt\qwt_plot_picker.h">
      <Filter>Qwt</Filter>
    </CustomBuild>
    <CustomBuild Include="Qwt\qwt_plot_renderer.h">
      <Filter>Qwt</Filter>
    </CustomBuild>
    <CustomBuild Include="Qwt\qwt_plot_zoomer.h">
      <Filter>Qwt</Filter>
    </CustomBuild>
    <CustomBuild Include="Qwt\qwt_sampling_thread.h">
      <Filter>Qwt</Filter>
    </CustomBuild>
    <CustomBuild Include="Qwt\qwt_scale_widget.h">
      <Filter>Qwt</Filter>
    </CustomBuild>
    <CustomBuild Include="Qwt\qwt_slider.h">
      <Filter>Qwt</Filter>
    </CustomBuild>
    <CustomBuild Include="Qwt\qwt_text_label.h">
      <Filter>Qwt</Filter>
    </CustomBuild>
    <CustomBuild Include="Qwt\qwt_thermo.h">
      <Filter>Qwt</Filter>
    </CustomBuild>
    <CustomBuild Include="Qwt\qwt_wheel.h">
      <Filter>Qwt</Filter>
    </CustomBuild>
    <CustomBuild Include="BatchDiagrams.h">
      <Filter>Batch</Filter>
    </CustomBuild>
    <CustomBuild Include="ViewGraph.h">
      <Filter>Graph</Filter>
    </CustomBuild>
  </ItemGroup>
</Project>